// !$*UTF8*$!
{
	archiveVersion = 1;
	classes = {
	};
	objectVersion = 56;
	objects = {

/* Begin PBXBuildFile section */
		44C072912CA81BC300DF16F2 /* Stock_Sell_Orders_CalculatorApp.swift in Sources */ = {isa = PBXBuildFile; fileRef = 44C072902CA81BC300DF16F2 /* Stock_Sell_Orders_CalculatorApp.swift */; };
		44C072932CA81BC300DF16F2 /* ContentView.swift in Sources */ = {isa = PBXBuildFile; fileRef = 44C072922CA81BC300DF16F2 /* ContentView.swift */; };
		44C072952CA81BC700DF16F2 /* Assets.xcassets in Resources */ = {isa = PBXBuildFile; fileRef = 44C072942CA81BC700DF16F2 /* Assets.xcassets */; };
		44C072992CA81BC700DF16F2 /* Preview Assets.xcassets in Resources */ = {isa = PBXBuildFile; fileRef = 44C072982CA81BC700DF16F2 /* Preview Assets.xcassets */; };
		44C072A32CA81BC700DF16F2 /* Stock_Sell_Orders_CalculatorTests.swift in Sources */ = {isa = PBXBuildFile; fileRef = 44C072A22CA81BC700DF16F2 /* Stock_Sell_Orders_CalculatorTests.swift */; };
		44C072AD2CA81BC700DF16F2 /* Stock_Sell_Orders_CalculatorUITests.swift in Sources */ = {isa = PBXBuildFile; fileRef = 44C072AC2CA81BC700DF16F2 /* Stock_Sell_Orders_CalculatorUITests.swift */; };
		44C072AF2CA81BC700DF16F2 /* Stock_Sell_Orders_CalculatorUITestsLaunchTests.swift in Sources */ = {isa = PBXBuildFile; fileRef = 44C072AE2CA81BC700DF16F2 /* Stock_Sell_Orders_CalculatorUITestsLaunchTests.swift */; };
		44C072BE2CA8A10300DF16F2 /* StockEditView.swift in Sources */ = {isa = PBXBuildFile; fileRef = 44C072BD2CA8A10300DF16F2 /* StockEditView.swift */; };
		44C072C02CA8A6EA00DF16F2 /* Stock.swift in Sources */ = {isa = PBXBuildFile; fileRef = 44C072BF2CA8A6EA00DF16F2 /* Stock.swift */; };
		44C072C22CA8B00F00DF16F2 /* StrategySettingsView.swift in Sources */ = {isa = PBXBuildFile; fileRef = 44C072C12CA8B00F00DF16F2 /* StrategySettingsView.swift */; };
		44C072C42CA8B03900DF16F2 /* StrategySettings.swift in Sources */ = {isa = PBXBuildFile; fileRef = 44C072C32CA8B03900DF16F2 /* StrategySettings.swift */; };
		44C072C62CA9B4C000DF16F2 /* ColorScheme.swift in Sources */ = {isa = PBXBuildFile; fileRef = 44C072C52CA9B4C000DF16F2 /* ColorScheme.swift */; };
/* End PBXBuildFile section */

/* Begin PBXContainerItemProxy section */
		44C0729F2CA81BC700DF16F2 /* PBXContainerItemProxy */ = {
			isa = PBXContainerItemProxy;
			containerPortal = 44C072852CA81BC300DF16F2 /* Project object */;
			proxyType = 1;
			remoteGlobalIDString = 44C0728C2CA81BC300DF16F2;
			remoteInfo = "Stock Sell Orders Calculator";
		};
		44C072A92CA81BC700DF16F2 /* PBXContainerItemProxy */ = {
			isa = PBXContainerItemProxy;
			containerPortal = 44C072852CA81BC300DF16F2 /* Project object */;
			proxyType = 1;
			remoteGlobalIDString = 44C0728C2CA81BC300DF16F2;
			remoteInfo = "Stock Sell Orders Calculator";
		};
/* End PBXContainerItemProxy section */

/* Begin PBXFileReference section */
		44C0728D2CA81BC300DF16F2 /* Stock Sell Orders Calculator.app */ = {isa = PBXFileReference; explicitFileType = wrapper.application; includeInIndex = 0; path = "Stock Sell Orders Calculator.app"; sourceTree = BUILT_PRODUCTS_DIR; };
		44C072902CA81BC300DF16F2 /* Stock_Sell_Orders_CalculatorApp.swift */ = {isa = PBXFileReference; lastKnownFileType = sourcecode.swift; path = Stock_Sell_Orders_CalculatorApp.swift; sourceTree = "<group>"; };
		44C072922CA81BC300DF16F2 /* ContentView.swift */ = {isa = PBXFileReference; lastKnownFileType = sourcecode.swift; path = ContentView.swift; sourceTree = "<group>"; };
		44C072942CA81BC700DF16F2 /* Assets.xcassets */ = {isa = PBXFileReference; lastKnownFileType = folder.assetcatalog; path = Assets.xcassets; sourceTree = "<group>"; };
		44C072962CA81BC700DF16F2 /* Stock_Sell_Orders_Calculator.entitlements */ = {isa = PBXFileReference; lastKnownFileType = text.plist.entitlements; path = Stock_Sell_Orders_Calculator.entitlements; sourceTree = "<group>"; };
		44C072982CA81BC700DF16F2 /* Preview Assets.xcassets */ = {isa = PBXFileReference; lastKnownFileType = folder.assetcatalog; path = "Preview Assets.xcassets"; sourceTree = "<group>"; };
		44C0729E2CA81BC700DF16F2 /* Stock Sell Orders CalculatorTests.xctest */ = {isa = PBXFileReference; explicitFileType = wrapper.cfbundle; includeInIndex = 0; path = "Stock Sell Orders CalculatorTests.xctest"; sourceTree = BUILT_PRODUCTS_DIR; };
		44C072A22CA81BC700DF16F2 /* Stock_Sell_Orders_CalculatorTests.swift */ = {isa = PBXFileReference; lastKnownFileType = sourcecode.swift; path = Stock_Sell_Orders_CalculatorTests.swift; sourceTree = "<group>"; };
		44C072A82CA81BC700DF16F2 /* Stock Sell Orders CalculatorUITests.xctest */ = {isa = PBXFileReference; explicitFileType = wrapper.cfbundle; includeInIndex = 0; path = "Stock Sell Orders CalculatorUITests.xctest"; sourceTree = BUILT_PRODUCTS_DIR; };
		44C072AC2CA81BC700DF16F2 /* Stock_Sell_Orders_CalculatorUITests.swift */ = {isa = PBXFileReference; lastKnownFileType = sourcecode.swift; path = Stock_Sell_Orders_CalculatorUITests.swift; sourceTree = "<group>"; };
		44C072AE2CA81BC700DF16F2 /* Stock_Sell_Orders_CalculatorUITestsLaunchTests.swift */ = {isa = PBXFileReference; lastKnownFileType = sourcecode.swift; path = Stock_Sell_Orders_CalculatorUITestsLaunchTests.swift; sourceTree = "<group>"; };
		44C072BD2CA8A10300DF16F2 /* StockEditView.swift */ = {isa = PBXFileReference; lastKnownFileType = sourcecode.swift; path = StockEditView.swift; sourceTree = "<group>"; };
		44C072BF2CA8A6EA00DF16F2 /* Stock.swift */ = {isa = PBXFileReference; lastKnownFileType = sourcecode.swift; path = Stock.swift; sourceTree = "<group>"; };
		44C072C12CA8B00F00DF16F2 /* StrategySettingsView.swift */ = {isa = PBXFileReference; lastKnownFileType = sourcecode.swift; path = StrategySettingsView.swift; sourceTree = "<group>"; };
		44C072C32CA8B03900DF16F2 /* StrategySettings.swift */ = {isa = PBXFileReference; lastKnownFileType = sourcecode.swift; path = StrategySettings.swift; sourceTree = "<group>"; };
		44C072C52CA9B4C000DF16F2 /* ColorScheme.swift */ = {isa = PBXFileReference; lastKnownFileType = sourcecode.swift; path = ColorScheme.swift; sourceTree = "<group>"; };
/* End PBXFileReference section */

/* Begin PBXFrameworksBuildPhase section */
		44C0728A2CA81BC300DF16F2 /* Frameworks */ = {
			isa = PBXFrameworksBuildPhase;
			buildActionMask = 2147483647;
			files = (
			);
			runOnlyForDeploymentPostprocessing = 0;
		};
		44C0729B2CA81BC700DF16F2 /* Frameworks */ = {
			isa = PBXFrameworksBuildPhase;
			buildActionMask = 2147483647;
			files = (
			);
			runOnlyForDeploymentPostprocessing = 0;
		};
		44C072A52CA81BC700DF16F2 /* Frameworks */ = {
			isa = PBXFrameworksBuildPhase;
			buildActionMask = 2147483647;
			files = (
			);
			runOnlyForDeploymentPostprocessing = 0;
		};
/* End PBXFrameworksBuildPhase section */

/* Begin PBXGroup section */
		44C072842CA81BC300DF16F2 = {
			isa = PBXGroup;
			children = (
				44C0728F2CA81BC300DF16F2 /* Stock Sell Orders Calculator */,
				44C072A12CA81BC700DF16F2 /* Stock Sell Orders CalculatorTests */,
				44C072AB2CA81BC700DF16F2 /* Stock Sell Orders CalculatorUITests */,
				44C0728E2CA81BC300DF16F2 /* Products */,
			);
			sourceTree = "<group>";
		};
		44C0728E2CA81BC300DF16F2 /* Products */ = {
			isa = PBXGroup;
			children = (
				44C0728D2CA81BC300DF16F2 /* Stock Sell Orders Calculator.app */,
				44C0729E2CA81BC700DF16F2 /* Stock Sell Orders CalculatorTests.xctest */,
				44C072A82CA81BC700DF16F2 /* Stock Sell Orders CalculatorUITests.xctest */,
			);
			name = Products;
			sourceTree = "<group>";
		};
		44C0728F2CA81BC300DF16F2 /* Stock Sell Orders Calculator */ = {
			isa = PBXGroup;
			children = (
				44C072902CA81BC300DF16F2 /* Stock_Sell_Orders_CalculatorApp.swift */,
				44C072922CA81BC300DF16F2 /* ContentView.swift */,
				44C072C52CA9B4C000DF16F2 /* ColorScheme.swift */,
				44C072C12CA8B00F00DF16F2 /* StrategySettingsView.swift */,
				44C072C32CA8B03900DF16F2 /* StrategySettings.swift */,
				44C072BF2CA8A6EA00DF16F2 /* Stock.swift */,
				44C072BD2CA8A10300DF16F2 /* StockEditView.swift */,
				44C072942CA81BC700DF16F2 /* Assets.xcassets */,
				44C072962CA81BC700DF16F2 /* Stock_Sell_Orders_Calculator.entitlements */,
				44C072972CA81BC700DF16F2 /* Preview Content */,
			);
			path = "Stock Sell Orders Calculator";
			sourceTree = "<group>";
		};
		44C072972CA81BC700DF16F2 /* Preview Content */ = {
			isa = PBXGroup;
			children = (
				44C072982CA81BC700DF16F2 /* Preview Assets.xcassets */,
			);
			path = "Preview Content";
			sourceTree = "<group>";
		};
		44C072A12CA81BC700DF16F2 /* Stock Sell Orders CalculatorTests */ = {
			isa = PBXGroup;
			children = (
				44C072A22CA81BC700DF16F2 /* Stock_Sell_Orders_CalculatorTests.swift */,
			);
			path = "Stock Sell Orders CalculatorTests";
			sourceTree = "<group>";
		};
		44C072AB2CA81BC700DF16F2 /* Stock Sell Orders CalculatorUITests */ = {
			isa = PBXGroup;
			children = (
				44C072AC2CA81BC700DF16F2 /* Stock_Sell_Orders_CalculatorUITests.swift */,
				44C072AE2CA81BC700DF16F2 /* Stock_Sell_Orders_CalculatorUITestsLaunchTests.swift */,
			);
			path = "Stock Sell Orders CalculatorUITests";
			sourceTree = "<group>";
		};
/* End PBXGroup section */

/* Begin PBXNativeTarget section */
		44C0728C2CA81BC300DF16F2 /* Stock Sell Orders Calculator */ = {
			isa = PBXNativeTarget;
			buildConfigurationList = 44C072B22CA81BC700DF16F2 /* Build configuration list for PBXNativeTarget "Stock Sell Orders Calculator" */;
			buildPhases = (
				44C072892CA81BC300DF16F2 /* Sources */,
				44C0728A2CA81BC300DF16F2 /* Frameworks */,
				44C0728B2CA81BC300DF16F2 /* Resources */,
			);
			buildRules = (
			);
			dependencies = (
			);
			name = "Stock Sell Orders Calculator";
			productName = "Stock Sell Orders Calculator";
			productReference = 44C0728D2CA81BC300DF16F2 /* Stock Sell Orders Calculator.app */;
			productType = "com.apple.product-type.application";
		};
		44C0729D2CA81BC700DF16F2 /* Stock Sell Orders CalculatorTests */ = {
			isa = PBXNativeTarget;
			buildConfigurationList = 44C072B52CA81BC700DF16F2 /* Build configuration list for PBXNativeTarget "Stock Sell Orders CalculatorTests" */;
			buildPhases = (
				44C0729A2CA81BC700DF16F2 /* Sources */,
				44C0729B2CA81BC700DF16F2 /* Frameworks */,
				44C0729C2CA81BC700DF16F2 /* Resources */,
			);
			buildRules = (
			);
			dependencies = (
				44C072A02CA81BC700DF16F2 /* PBXTargetDependency */,
			);
			name = "Stock Sell Orders CalculatorTests";
			productName = "Stock Sell Orders CalculatorTests";
			productReference = 44C0729E2CA81BC700DF16F2 /* Stock Sell Orders CalculatorTests.xctest */;
			productType = "com.apple.product-type.bundle.unit-test";
		};
		44C072A72CA81BC700DF16F2 /* Stock Sell Orders CalculatorUITests */ = {
			isa = PBXNativeTarget;
			buildConfigurationList = 44C072B82CA81BC700DF16F2 /* Build configuration list for PBXNativeTarget "Stock Sell Orders CalculatorUITests" */;
			buildPhases = (
				44C072A42CA81BC700DF16F2 /* Sources */,
				44C072A52CA81BC700DF16F2 /* Frameworks */,
				44C072A62CA81BC700DF16F2 /* Resources */,
			);
			buildRules = (
			);
			dependencies = (
				44C072AA2CA81BC700DF16F2 /* PBXTargetDependency */,
			);
			name = "Stock Sell Orders CalculatorUITests";
			productName = "Stock Sell Orders CalculatorUITests";
			productReference = 44C072A82CA81BC700DF16F2 /* Stock Sell Orders CalculatorUITests.xctest */;
			productType = "com.apple.product-type.bundle.ui-testing";
		};
/* End PBXNativeTarget section */

/* Begin PBXProject section */
		44C072852CA81BC300DF16F2 /* Project object */ = {
			isa = PBXProject;
			attributes = {
				BuildIndependentTargetsInParallel = 1;
				LastSwiftUpdateCheck = 1540;
				LastUpgradeCheck = 1540;
				TargetAttributes = {
					44C0728C2CA81BC300DF16F2 = {
						CreatedOnToolsVersion = 15.4;
					};
					44C0729D2CA81BC700DF16F2 = {
						CreatedOnToolsVersion = 15.4;
						TestTargetID = 44C0728C2CA81BC300DF16F2;
					};
					44C072A72CA81BC700DF16F2 = {
						CreatedOnToolsVersion = 15.4;
						TestTargetID = 44C0728C2CA81BC300DF16F2;
					};
				};
			};
			buildConfigurationList = 44C072882CA81BC300DF16F2 /* Build configuration list for PBXProject "Stock Sell Orders Calculator" */;
			compatibilityVersion = "Xcode 14.0";
			developmentRegion = en;
			hasScannedForEncodings = 0;
			knownRegions = (
				en,
				Base,
			);
			mainGroup = 44C072842CA81BC300DF16F2;
			productRefGroup = 44C0728E2CA81BC300DF16F2 /* Products */;
			projectDirPath = "";
			projectRoot = "";
			targets = (
				44C0728C2CA81BC300DF16F2 /* Stock Sell Orders Calculator */,
				44C0729D2CA81BC700DF16F2 /* Stock Sell Orders CalculatorTests */,
				44C072A72CA81BC700DF16F2 /* Stock Sell Orders CalculatorUITests */,
			);
		};
/* End PBXProject section */

/* Begin PBXResourcesBuildPhase section */
		44C0728B2CA81BC300DF16F2 /* Resources */ = {
			isa = PBXResourcesBuildPhase;
			buildActionMask = 2147483647;
			files = (
				44C072992CA81BC700DF16F2 /* Preview Assets.xcassets in Resources */,
				44C072952CA81BC700DF16F2 /* Assets.xcassets in Resources */,
			);
			runOnlyForDeploymentPostprocessing = 0;
		};
		44C0729C2CA81BC700DF16F2 /* Resources */ = {
			isa = PBXResourcesBuildPhase;
			buildActionMask = 2147483647;
			files = (
			);
			runOnlyForDeploymentPostprocessing = 0;
		};
		44C072A62CA81BC700DF16F2 /* Resources */ = {
			isa = PBXResourcesBuildPhase;
			buildActionMask = 2147483647;
			files = (
			);
			runOnlyForDeploymentPostprocessing = 0;
		};
/* End PBXResourcesBuildPhase section */

/* Begin PBXSourcesBuildPhase section */
		44C072892CA81BC300DF16F2 /* Sources */ = {
			isa = PBXSourcesBuildPhase;
			buildActionMask = 2147483647;
			files = (
				44C072932CA81BC300DF16F2 /* ContentView.swift in Sources */,
				44C072912CA81BC300DF16F2 /* Stock_Sell_Orders_CalculatorApp.swift in Sources */,
				44C072C22CA8B00F00DF16F2 /* StrategySettingsView.swift in Sources */,
				44C072C62CA9B4C000DF16F2 /* ColorScheme.swift in Sources */,
				44C072C42CA8B03900DF16F2 /* StrategySettings.swift in Sources */,
				44C072C02CA8A6EA00DF16F2 /* Stock.swift in Sources */,
				44C072BE2CA8A10300DF16F2 /* StockEditView.swift in Sources */,
			);
			runOnlyForDeploymentPostprocessing = 0;
		};
		44C0729A2CA81BC700DF16F2 /* Sources */ = {
			isa = PBXSourcesBuildPhase;
			buildActionMask = 2147483647;
			files = (
				44C072A32CA81BC700DF16F2 /* Stock_Sell_Orders_CalculatorTests.swift in Sources */,
			);
			runOnlyForDeploymentPostprocessing = 0;
		};
		44C072A42CA81BC700DF16F2 /* Sources */ = {
			isa = PBXSourcesBuildPhase;
			buildActionMask = 2147483647;
			files = (
				44C072AF2CA81BC700DF16F2 /* Stock_Sell_Orders_CalculatorUITestsLaunchTests.swift in Sources */,
				44C072AD2CA81BC700DF16F2 /* Stock_Sell_Orders_CalculatorUITests.swift in Sources */,
			);
			runOnlyForDeploymentPostprocessing = 0;
		};
/* End PBXSourcesBuildPhase section */

/* Begin PBXTargetDependency section */
		44C072A02CA81BC700DF16F2 /* PBXTargetDependency */ = {
			isa = PBXTargetDependency;
			target = 44C0728C2CA81BC300DF16F2 /* Stock Sell Orders Calculator */;
			targetProxy = 44C0729F2CA81BC700DF16F2 /* PBXContainerItemProxy */;
		};
		44C072AA2CA81BC700DF16F2 /* PBXTargetDependency */ = {
			isa = PBXTargetDependency;
			target = 44C0728C2CA81BC300DF16F2 /* Stock Sell Orders Calculator */;
			targetProxy = 44C072A92CA81BC700DF16F2 /* PBXContainerItemProxy */;
		};
/* End PBXTargetDependency section */

/* Begin XCBuildConfiguration section */
		44C072B02CA81BC700DF16F2 /* Debug */ = {
			isa = XCBuildConfiguration;
			buildSettings = {
				ALWAYS_SEARCH_USER_PATHS = NO;
				ASSETCATALOG_COMPILER_GENERATE_SWIFT_ASSET_SYMBOL_EXTENSIONS = YES;
				CLANG_ANALYZER_NONNULL = YES;
				CLANG_ANALYZER_NUMBER_OBJECT_CONVERSION = YES_AGGRESSIVE;
				CLANG_CXX_LANGUAGE_STANDARD = "gnu++20";
				CLANG_ENABLE_MODULES = YES;
				CLANG_ENABLE_OBJC_ARC = YES;
				CLANG_ENABLE_OBJC_WEAK = YES;
				CLANG_WARN_BLOCK_CAPTURE_AUTORELEASING = YES;
				CLANG_WARN_BOOL_CONVERSION = YES;
				CLANG_WARN_COMMA = YES;
				CLANG_WARN_CONSTANT_CONVERSION = YES;
				CLANG_WARN_DEPRECATED_OBJC_IMPLEMENTATIONS = YES;
				CLANG_WARN_DIRECT_OBJC_ISA_USAGE = YES_ERROR;
				CLANG_WARN_DOCUMENTATION_COMMENTS = YES;
				CLANG_WARN_EMPTY_BODY = YES;
				CLANG_WARN_ENUM_CONVERSION = YES;
				CLANG_WARN_INFINITE_RECURSION = YES;
				CLANG_WARN_INT_CONVERSION = YES;
				CLANG_WARN_NON_LITERAL_NULL_CONVERSION = YES;
				CLANG_WARN_OBJC_IMPLICIT_RETAIN_SELF = YES;
				CLANG_WARN_OBJC_LITERAL_CONVERSION = YES;
				CLANG_WARN_OBJC_ROOT_CLASS = YES_ERROR;
				CLANG_WARN_QUOTED_INCLUDE_IN_FRAMEWORK_HEADER = YES;
				CLANG_WARN_RANGE_LOOP_ANALYSIS = YES;
				CLANG_WARN_STRICT_PROTOTYPES = YES;
				CLANG_WARN_SUSPICIOUS_MOVE = YES;
				CLANG_WARN_UNGUARDED_AVAILABILITY = YES_AGGRESSIVE;
				CLANG_WARN_UNREACHABLE_CODE = YES;
				CLANG_WARN__DUPLICATE_METHOD_MATCH = YES;
				COPY_PHASE_STRIP = NO;
				DEBUG_INFORMATION_FORMAT = dwarf;
				ENABLE_STRICT_OBJC_MSGSEND = YES;
				ENABLE_TESTABILITY = YES;
				ENABLE_USER_SCRIPT_SANDBOXING = YES;
				GCC_C_LANGUAGE_STANDARD = gnu17;
				GCC_DYNAMIC_NO_PIC = NO;
				GCC_NO_COMMON_BLOCKS = YES;
				GCC_OPTIMIZATION_LEVEL = 0;
				GCC_PREPROCESSOR_DEFINITIONS = (
					"DEBUG=1",
					"$(inherited)",
				);
				GCC_WARN_64_TO_32_BIT_CONVERSION = YES;
				GCC_WARN_ABOUT_RETURN_TYPE = YES_ERROR;
				GCC_WARN_UNDECLARED_SELECTOR = YES;
				GCC_WARN_UNINITIALIZED_AUTOS = YES_AGGRESSIVE;
				GCC_WARN_UNUSED_FUNCTION = YES;
				GCC_WARN_UNUSED_VARIABLE = YES;
				LOCALIZATION_PREFERS_STRING_CATALOGS = YES;
				MTL_ENABLE_DEBUG_INFO = INCLUDE_SOURCE;
				MTL_FAST_MATH = YES;
				ONLY_ACTIVE_ARCH = YES;
				SWIFT_ACTIVE_COMPILATION_CONDITIONS = "DEBUG $(inherited)";
				SWIFT_OPTIMIZATION_LEVEL = "-Onone";
			};
			name = Debug;
		};
		44C072B12CA81BC700DF16F2 /* Release */ = {
			isa = XCBuildConfiguration;
			buildSettings = {
				ALWAYS_SEARCH_USER_PATHS = NO;
				ASSETCATALOG_COMPILER_GENERATE_SWIFT_ASSET_SYMBOL_EXTENSIONS = YES;
				CLANG_ANALYZER_NONNULL = YES;
				CLANG_ANALYZER_NUMBER_OBJECT_CONVERSION = YES_AGGRESSIVE;
				CLANG_CXX_LANGUAGE_STANDARD = "gnu++20";
				CLANG_ENABLE_MODULES = YES;
				CLANG_ENABLE_OBJC_ARC = YES;
				CLANG_ENABLE_OBJC_WEAK = YES;
				CLANG_WARN_BLOCK_CAPTURE_AUTORELEASING = YES;
				CLANG_WARN_BOOL_CONVERSION = YES;
				CLANG_WARN_COMMA = YES;
				CLANG_WARN_CONSTANT_CONVERSION = YES;
				CLANG_WARN_DEPRECATED_OBJC_IMPLEMENTATIONS = YES;
				CLANG_WARN_DIRECT_OBJC_ISA_USAGE = YES_ERROR;
				CLANG_WARN_DOCUMENTATION_COMMENTS = YES;
				CLANG_WARN_EMPTY_BODY = YES;
				CLANG_WARN_ENUM_CONVERSION = YES;
				CLANG_WARN_INFINITE_RECURSION = YES;
				CLANG_WARN_INT_CONVERSION = YES;
				CLANG_WARN_NON_LITERAL_NULL_CONVERSION = YES;
				CLANG_WARN_OBJC_IMPLICIT_RETAIN_SELF = YES;
				CLANG_WARN_OBJC_LITERAL_CONVERSION = YES;
				CLANG_WARN_OBJC_ROOT_CLASS = YES_ERROR;
				CLANG_WARN_QUOTED_INCLUDE_IN_FRAMEWORK_HEADER = YES;
				CLANG_WARN_RANGE_LOOP_ANALYSIS = YES;
				CLANG_WARN_STRICT_PROTOTYPES = YES;
				CLANG_WARN_SUSPICIOUS_MOVE = YES;
				CLANG_WARN_UNGUARDED_AVAILABILITY = YES_AGGRESSIVE;
				CLANG_WARN_UNREACHABLE_CODE = YES;
				CLANG_WARN__DUPLICATE_METHOD_MATCH = YES;
				COPY_PHASE_STRIP = NO;
				DEBUG_INFORMATION_FORMAT = "dwarf-with-dsym";
				ENABLE_NS_ASSERTIONS = NO;
				ENABLE_STRICT_OBJC_MSGSEND = YES;
				ENABLE_USER_SCRIPT_SANDBOXING = YES;
				GCC_C_LANGUAGE_STANDARD = gnu17;
				GCC_NO_COMMON_BLOCKS = YES;
				GCC_WARN_64_TO_32_BIT_CONVERSION = YES;
				GCC_WARN_ABOUT_RETURN_TYPE = YES_ERROR;
				GCC_WARN_UNDECLARED_SELECTOR = YES;
				GCC_WARN_UNINITIALIZED_AUTOS = YES_AGGRESSIVE;
				GCC_WARN_UNUSED_FUNCTION = YES;
				GCC_WARN_UNUSED_VARIABLE = YES;
				LOCALIZATION_PREFERS_STRING_CATALOGS = YES;
				MTL_ENABLE_DEBUG_INFO = NO;
				MTL_FAST_MATH = YES;
				SWIFT_COMPILATION_MODE = wholemodule;
			};
			name = Release;
		};
		44C072B32CA81BC700DF16F2 /* Debug */ = {
			isa = XCBuildConfiguration;
			buildSettings = {
				ASSETCATALOG_COMPILER_APPICON_NAME = AppIcon;
				ASSETCATALOG_COMPILER_GLOBAL_ACCENT_COLOR_NAME = AccentColor;
				CODE_SIGN_ENTITLEMENTS = "Stock Sell Orders Calculator/Stock_Sell_Orders_Calculator.entitlements";
				CODE_SIGN_STYLE = Automatic;
				CURRENT_PROJECT_VERSION = 1;
				DEVELOPMENT_ASSET_PATHS = "\"Stock Sell Orders Calculator/Preview Content\"";
				DEVELOPMENT_TEAM = R8PZKRLNDR;
				ENABLE_PREVIEWS = YES;
				GENERATE_INFOPLIST_FILE = YES;
				INFOPLIST_KEY_CFBundleDisplayName = "Sell Smart";
				INFOPLIST_KEY_LSApplicationCategoryType = "public.app-category.finance";
				"INFOPLIST_KEY_UIApplicationSceneManifest_Generation[sdk=iphoneos*]" = YES;
				"INFOPLIST_KEY_UIApplicationSceneManifest_Generation[sdk=iphonesimulator*]" = YES;
				"INFOPLIST_KEY_UIApplicationSupportsIndirectInputEvents[sdk=iphoneos*]" = YES;
				"INFOPLIST_KEY_UIApplicationSupportsIndirectInputEvents[sdk=iphonesimulator*]" = YES;
				"INFOPLIST_KEY_UILaunchScreen_Generation[sdk=iphoneos*]" = YES;
				"INFOPLIST_KEY_UILaunchScreen_Generation[sdk=iphonesimulator*]" = YES;
				"INFOPLIST_KEY_UIStatusBarStyle[sdk=iphoneos*]" = UIStatusBarStyleDefault;
				"INFOPLIST_KEY_UIStatusBarStyle[sdk=iphonesimulator*]" = UIStatusBarStyleDefault;
				INFOPLIST_KEY_UISupportedInterfaceOrientations_iPad = "UIInterfaceOrientationPortrait UIInterfaceOrientationPortraitUpsideDown UIInterfaceOrientationLandscapeLeft UIInterfaceOrientationLandscapeRight";
				INFOPLIST_KEY_UISupportedInterfaceOrientations_iPhone = "UIInterfaceOrientationPortrait UIInterfaceOrientationLandscapeLeft UIInterfaceOrientationLandscapeRight";
				IPHONEOS_DEPLOYMENT_TARGET = 17.5;
				LD_RUNPATH_SEARCH_PATHS = "@executable_path/Frameworks";
				"LD_RUNPATH_SEARCH_PATHS[sdk=macosx*]" = "@executable_path/../Frameworks";
				MACOSX_DEPLOYMENT_TARGET = 14.2;
				MARKETING_VERSION = 1.0;
				PRODUCT_BUNDLE_IDENTIFIER = "MindTrek-Apps.Stock-Sell-Orders-Calculator";
				PRODUCT_NAME = "$(TARGET_NAME)";
				SDKROOT = auto;
				SUPPORTED_PLATFORMS = "iphoneos iphonesimulator macosx";
				SWIFT_EMIT_LOC_STRINGS = YES;
				SWIFT_VERSION = 5.0;
				TARGETED_DEVICE_FAMILY = "1,2";
			};
			name = Debug;
		};
		44C072B42CA81BC700DF16F2 /* Release */ = {
			isa = XCBuildConfiguration;
			buildSettings = {
				ASSETCATALOG_COMPILER_APPICON_NAME = AppIcon;
				ASSETCATALOG_COMPILER_GLOBAL_ACCENT_COLOR_NAME = AccentColor;
				CODE_SIGN_ENTITLEMENTS = "Stock Sell Orders Calculator/Stock_Sell_Orders_Calculator.entitlements";
				CODE_SIGN_STYLE = Automatic;
				CURRENT_PROJECT_VERSION = 1;
				DEVELOPMENT_ASSET_PATHS = "\"Stock Sell Orders Calculator/Preview Content\"";
				DEVELOPMENT_TEAM = R8PZKRLNDR;
				ENABLE_PREVIEWS = YES;
				GENERATE_INFOPLIST_FILE = YES;
				INFOPLIST_KEY_CFBundleDisplayName = "Sell Smart";
				INFOPLIST_KEY_LSApplicationCategoryType = "public.app-category.finance";
				"INFOPLIST_KEY_UIApplicationSceneManifest_Generation[sdk=iphoneos*]" = YES;
				"INFOPLIST_KEY_UIApplicationSceneManifest_Generation[sdk=iphonesimulator*]" = YES;
				"INFOPLIST_KEY_UIApplicationSupportsIndirectInputEvents[sdk=iphoneos*]" = YES;
				"INFOPLIST_KEY_UIApplicationSupportsIndirectInputEvents[sdk=iphonesimulator*]" = YES;
				"INFOPLIST_KEY_UILaunchScreen_Generation[sdk=iphoneos*]" = YES;
				"INFOPLIST_KEY_UILaunchScreen_Generation[sdk=iphonesimulator*]" = YES;
				"INFOPLIST_KEY_UIStatusBarStyle[sdk=iphoneos*]" = UIStatusBarStyleDefault;
				"INFOPLIST_KEY_UIStatusBarStyle[sdk=iphonesimulator*]" = UIStatusBarStyleDefault;
				INFOPLIST_KEY_UISupportedInterfaceOrientations_iPad = "UIInterfaceOrientationPortrait UIInterfaceOrientationPortraitUpsideDown UIInterfaceOrientationLandscapeLeft UIInterfaceOrientationLandscapeRight";
				INFOPLIST_KEY_UISupportedInterfaceOrientations_iPhone = "UIInterfaceOrientationPortrait UIInterfaceOrientationLandscapeLeft UIInterfaceOrientationLandscapeRight";
				IPHONEOS_DEPLOYMENT_TARGET = 17.5;
				LD_RUNPATH_SEARCH_PATHS = "@executable_path/Frameworks";
				"LD_RUNPATH_SEARCH_PATHS[sdk=macosx*]" = "@executable_path/../Frameworks";
				MACOSX_DEPLOYMENT_TARGET = 14.2;
				MARKETING_VERSION = 1.0;
				PRODUCT_BUNDLE_IDENTIFIER = "MindTrek-Apps.Stock-Sell-Orders-Calculator";
				PRODUCT_NAME = "$(TARGET_NAME)";
				SDKROOT = auto;
				SUPPORTED_PLATFORMS = "iphoneos iphonesimulator macosx";
				SWIFT_EMIT_LOC_STRINGS = YES;
				SWIFT_VERSION = 5.0;
				TARGETED_DEVICE_FAMILY = "1,2";
			};
			name = Release;
		};
		44C072B62CA81BC700DF16F2 /* Debug */ = {
			isa = XCBuildConfiguration;
			buildSettings = {
				ALWAYS_EMBED_SWIFT_STANDARD_LIBRARIES = YES;
				BUNDLE_LOADER = "$(TEST_HOST)";
				CODE_SIGN_STYLE = Automatic;
				CURRENT_PROJECT_VERSION = 1;
				DEVELOPMENT_TEAM = R8PZKRLNDR;
				GENERATE_INFOPLIST_FILE = YES;
				IPHONEOS_DEPLOYMENT_TARGET = 17.5;
				MACOSX_DEPLOYMENT_TARGET = 14.2;
				MARKETING_VERSION = 1.0;
				PRODUCT_BUNDLE_IDENTIFIER = "MindTrek-Apps.Stock-Sell-Orders-CalculatorTests";
				PRODUCT_NAME = "$(TARGET_NAME)";
				SDKROOT = auto;
				SUPPORTED_PLATFORMS = "iphoneos iphonesimulator macosx";
				SWIFT_EMIT_LOC_STRINGS = NO;
				SWIFT_VERSION = 5.0;
				TARGETED_DEVICE_FAMILY = "1,2";
				TEST_HOST = "$(BUILT_PRODUCTS_DIR)/Stock Sell Orders Calculator.app/$(BUNDLE_EXECUTABLE_FOLDER_PATH)/Stock Sell Orders Calculator";
			};
			name = Debug;
		};
		44C072B72CA81BC700DF16F2 /* Release */ = {
			isa = XCBuildConfiguration;
			buildSettings = {
				ALWAYS_EMBED_SWIFT_STANDARD_LIBRARIES = YES;
				BUNDLE_LOADER = "$(TEST_HOST)";
				CODE_SIGN_STYLE = Automatic;
				CURRENT_PROJECT_VERSION = 1;
				DEVELOPMENT_TEAM = R8PZKRLNDR;
				GENERATE_INFOPLIST_FILE = YES;
				IPHONEOS_DEPLOYMENT_TARGET = 17.5;
				MACOSX_DEPLOYMENT_TARGET = 14.2;
				MARKETING_VERSION = 1.0;
				PRODUCT_BUNDLE_IDENTIFIER = "MindTrek-Apps.Stock-Sell-Orders-CalculatorTests";
				PRODUCT_NAME = "$(TARGET_NAME)";
				SDKROOT = auto;
				SUPPORTED_PLATFORMS = "iphoneos iphonesimulator macosx";
				SWIFT_EMIT_LOC_STRINGS = NO;
				SWIFT_VERSION = 5.0;
				TARGETED_DEVICE_FAMILY = "1,2";
				TEST_HOST = "$(BUILT_PRODUCTS_DIR)/Stock Sell Orders Calculator.app/$(BUNDLE_EXECUTABLE_FOLDER_PATH)/Stock Sell Orders Calculator";
			};
			name = Release;
		};
		44C072B92CA81BC700DF16F2 /* Debug */ = {
			isa = XCBuildConfiguration;
			buildSettings = {
				ALWAYS_EMBED_SWIFT_STANDARD_LIBRARIES = YES;
				CODE_SIGN_STYLE = Automatic;
				CURRENT_PROJECT_VERSION = 1;
				GENERATE_INFOPLIST_FILE = YES;
				IPHONEOS_DEPLOYMENT_TARGET = 17.5;
				MACOSX_DEPLOYMENT_TARGET = 14.2;
				MARKETING_VERSION = 1.0;
				PRODUCT_BUNDLE_IDENTIFIER = "MindTrek-Apps.Stock-Sell-Orders-CalculatorUITests";
				PRODUCT_NAME = "$(TARGET_NAME)";
				SDKROOT = auto;
				SUPPORTED_PLATFORMS = "iphoneos iphonesimulator macosx";
				SWIFT_EMIT_LOC_STRINGS = NO;
				SWIFT_VERSION = 5.0;
				TARGETED_DEVICE_FAMILY = "1,2";
				TEST_TARGET_NAME = "Stock Sell Orders Calculator";
			};
			name = Debug;
		};
		44C072BA2CA81BC700DF16F2 /* Release */ = {
			isa = XCBuildConfiguration;
			buildSettings = {
				ALWAYS_EMBED_SWIFT_STANDARD_LIBRARIES = YES;
				CODE_SIGN_STYLE = Automatic;
				CURRENT_PROJECT_VERSION = 1;
				GENERATE_INFOPLIST_FILE = YES;
				IPHONEOS_DEPLOYMENT_TARGET = 17.5;
				MACOSX_DEPLOYMENT_TARGET = 14.2;
				MARKETING_VERSION = 1.0;
				PRODUCT_BUNDLE_IDENTIFIER = "MindTrek-Apps.Stock-Sell-Orders-CalculatorUITests";
				PRODUCT_NAME = "$(TARGET_NAME)";
				SDKROOT = auto;
				SUPPORTED_PLATFORMS = "iphoneos iphonesimulator macosx";
				SWIFT_EMIT_LOC_STRINGS = NO;
				SWIFT_VERSION = 5.0;
				TARGETED_DEVICE_FAMILY = "1,2";
				TEST_TARGET_NAME = "Stock Sell Orders Calculator";
			};
			name = Release;
		};
/* End XCBuildConfiguration section */

/* Begin XCConfigurationList section */
		44C072882CA81BC300DF16F2 /* Build configuration list for PBXProject "Stock Sell Orders Calculator" */ = {
			isa = XCConfigurationList;
			buildConfigurations = (
				44C072B02CA81BC700DF16F2 /* Debug */,
				44C072B12CA81BC700DF16F2 /* Release */,
			);
			defaultConfigurationIsVisible = 0;
			defaultConfigurationName = Release;
		};
		44C072B22CA81BC700DF16F2 /* Build configuration list for PBXNativeTarget "Stock Sell Orders Calculator" */ = {
			isa = XCConfigurationList;
			buildConfigurations = (
				44C072B32CA81BC700DF16F2 /* Debug */,
				44C072B42CA81BC700DF16F2 /* Release */,
			);
			defaultConfigurationIsVisible = 0;
			defaultConfigurationName = Release;
		};
		44C072B52CA81BC700DF16F2 /* Build configuration list for PBXNativeTarget "Stock Sell Orders CalculatorTests" */ = {
			isa = XCConfigurationList;
			buildConfigurations = (
				44C072B62CA81BC700DF16F2 /* Debug */,
				44C072B72CA81BC700DF16F2 /* Release */,
			);
			defaultConfigurationIsVisible = 0;
			defaultConfigurationName = Release;
		};
		44C072B82CA81BC700DF16F2 /* Build configuration list for PBXNativeTarget "Stock Sell Orders CalculatorUITests" */ = {
			isa = XCConfigurationList;
			buildConfigurations = (
				44C072B92CA81BC700DF16F2 /* Debug */,
				44C072BA2CA81BC700DF16F2 /* Release */,
			);
			defaultConfigurationIsVisible = 0;
			defaultConfigurationName = Release;
		};
/* End XCConfigurationList section */
	};
	rootObject = 44C072852CA81BC300DF16F2 /* Project object */;
}
